
Microsoft Visual Studio Solution File, Format Version 12.00
# Visual Studio 15
VisualStudioVersion = 15.0.26124.0
MinimumVisualStudioVersion = 15.0.26124.0
Project("{FAE04EC0-301F-11D3-BF4B-00C04F79EFBC}") = "SMS.Core", "SMS.Core\SMS.Core.csproj", "{4C8B4280-7EB9-41E6-A51E-6E355925D5DE}"
EndProject
Project("{FAE04EC0-301F-11D3-BF4B-00C04F79EFBC}") = "SMS.Data", "SMS.Data\SMS.Data.csproj", "{43904F0F-7644-4DFB-B7A0-96B6F2F226A2}"
EndProject
Project("{FAE04EC0-301F-11D3-BF4B-00C04F79EFBC}") = "SMS.Test", "SMS.Test\SMS.Test.csproj", "{0FF9DC71-96F3-4DF7-A4DA-DB87FA38C1B1}"
EndProject
Project("{FAE04EC0-301F-11D3-BF4B-00C04F79EFBC}") = "SMS.Rest", "SMS.Rest\SMS.Rest.csproj", "{167497A1-B511-47DC-BD9F-702EBCEE6B69}"
EndProject
Project("{FAE04EC0-301F-11D3-BF4B-00C04F79EFBC}") = "SMS.Wasm", "SMS.Wasm\SMS.Wasm.csproj", "{F94C2E02-8D63-42DC-933F-17B472D88414}"
EndProject
Global
	GlobalSection(SolutionConfigurationPlatforms) = preSolution
		Debug|Any CPU = Debug|Any CPU
		Debug|x64 = Debug|x64
		Debug|x86 = Debug|x86
		Release|Any CPU = Release|Any CPU
		Release|x64 = Release|x64
		Release|x86 = Release|x86
	EndGlobalSection
	GlobalSection(SolutionProperties) = preSolution
		HideSolutionNode = FALSE
	EndGlobalSection
	GlobalSection(ProjectConfigurationPlatforms) = postSolution
		{43904F0F-7644-4DFB-B7A0-96B6F2F226A2}.Debug|Any CPU.ActiveCfg = Debug|Any CPU
		{43904F0F-7644-4DFB-B7A0-96B6F2F226A2}.Debug|Any CPU.Build.0 = Debug|Any CPU
		{43904F0F-7644-4DFB-B7A0-96B6F2F226A2}.Debug|x64.ActiveCfg = Debug|Any CPU
		{43904F0F-7644-4DFB-B7A0-96B6F2F226A2}.Debug|x64.Build.0 = Debug|Any CPU
		{43904F0F-7644-4DFB-B7A0-96B6F2F226A2}.Debug|x86.ActiveCfg = Debug|Any CPU
		{43904F0F-7644-4DFB-B7A0-96B6F2F226A2}.Debug|x86.Build.0 = Debug|Any CPU
		{43904F0F-7644-4DFB-B7A0-96B6F2F226A2}.Release|Any CPU.ActiveCfg = Release|Any CPU
		{43904F0F-7644-4DFB-B7A0-96B6F2F226A2}.Release|Any CPU.Build.0 = Release|Any CPU
		{43904F0F-7644-4DFB-B7A0-96B6F2F226A2}.Release|x64.ActiveCfg = Release|Any CPU
		{43904F0F-7644-4DFB-B7A0-96B6F2F226A2}.Release|x64.Build.0 = Release|Any CPU
		{43904F0F-7644-4DFB-B7A0-96B6F2F226A2}.Release|x86.ActiveCfg = Release|Any CPU
		{43904F0F-7644-4DFB-B7A0-96B6F2F226A2}.Release|x86.Build.0 = Release|Any CPU
		{0FF9DC71-96F3-4DF7-A4DA-DB87FA38C1B1}.Debug|Any CPU.ActiveCfg = Debug|Any CPU
		{0FF9DC71-96F3-4DF7-A4DA-DB87FA38C1B1}.Debug|Any CPU.Build.0 = Debug|Any CPU
		{0FF9DC71-96F3-4DF7-A4DA-DB87FA38C1B1}.Debug|x64.ActiveCfg = Debug|Any CPU
		{0FF9DC71-96F3-4DF7-A4DA-DB87FA38C1B1}.Debug|x64.Build.0 = Debug|Any CPU
		{0FF9DC71-96F3-4DF7-A4DA-DB87FA38C1B1}.Debug|x86.ActiveCfg = Debug|Any CPU
		{0FF9DC71-96F3-4DF7-A4DA-DB87FA38C1B1}.Debug|x86.Build.0 = Debug|Any CPU
		{0FF9DC71-96F3-4DF7-A4DA-DB87FA38C1B1}.Release|Any CPU.ActiveCfg = Release|Any CPU
		{0FF9DC71-96F3-4DF7-A4DA-DB87FA38C1B1}.Release|Any CPU.Build.0 = Release|Any CPU
		{0FF9DC71-96F3-4DF7-A4DA-DB87FA38C1B1}.Release|x64.ActiveCfg = Release|Any CPU
		{0FF9DC71-96F3-4DF7-A4DA-DB87FA38C1B1}.Release|x64.Build.0 = Release|Any CPU
		{0FF9DC71-96F3-4DF7-A4DA-DB87FA38C1B1}.Release|x86.ActiveCfg = Release|Any CPU
		{0FF9DC71-96F3-4DF7-A4DA-DB87FA38C1B1}.Release|x86.Build.0 = Release|Any CPU
		{7EB7ED42-9813-459C-B937-23245B7E4A2B}.Debug|Any CPU.ActiveCfg = Debug|Any CPU
		{7EB7ED42-9813-459C-B937-23245B7E4A2B}.Debug|Any CPU.Build.0 = Debug|Any CPU
		{7EB7ED42-9813-459C-B937-23245B7E4A2B}.Debug|x64.ActiveCfg = Debug|Any CPU
		{7EB7ED42-9813-459C-B937-23245B7E4A2B}.Debug|x64.Build.0 = Debug|Any CPU
		{7EB7ED42-9813-459C-B937-23245B7E4A2B}.Debug|x86.ActiveCfg = Debug|Any CPU
		{7EB7ED42-9813-459C-B937-23245B7E4A2B}.Debug|x86.Build.0 = Debug|Any CPU
		{7EB7ED42-9813-459C-B937-23245B7E4A2B}.Release|Any CPU.ActiveCfg = Release|Any CPU
		{7EB7ED42-9813-459C-B937-23245B7E4A2B}.Release|Any CPU.Build.0 = Release|Any CPU
		{7EB7ED42-9813-459C-B937-23245B7E4A2B}.Release|x64.ActiveCfg = Release|Any CPU
		{7EB7ED42-9813-459C-B937-23245B7E4A2B}.Release|x64.Build.0 = Release|Any CPU
		{7EB7ED42-9813-459C-B937-23245B7E4A2B}.Release|x86.ActiveCfg = Release|Any CPU
		{7EB7ED42-9813-459C-B937-23245B7E4A2B}.Release|x86.Build.0 = Release|Any CPU
		{167497A1-B511-47DC-BD9F-702EBCEE6B69}.Debug|Any CPU.ActiveCfg = Debug|Any CPU
		{167497A1-B511-47DC-BD9F-702EBCEE6B69}.Debug|Any CPU.Build.0 = Debug|Any CPU
		{167497A1-B511-47DC-BD9F-702EBCEE6B69}.Debug|x64.ActiveCfg = Debug|Any CPU
		{167497A1-B511-47DC-BD9F-702EBCEE6B69}.Debug|x64.Build.0 = Debug|Any CPU
		{167497A1-B511-47DC-BD9F-702EBCEE6B69}.Debug|x86.ActiveCfg = Debug|Any CPU
		{167497A1-B511-47DC-BD9F-702EBCEE6B69}.Debug|x86.Build.0 = Debug|Any CPU
		{167497A1-B511-47DC-BD9F-702EBCEE6B69}.Release|Any CPU.ActiveCfg = Release|Any CPU
		{167497A1-B511-47DC-BD9F-702EBCEE6B69}.Release|Any CPU.Build.0 = Release|Any CPU
		{167497A1-B511-47DC-BD9F-702EBCEE6B69}.Release|x64.ActiveCfg = Release|Any CPU
		{167497A1-B511-47DC-BD9F-702EBCEE6B69}.Release|x64.Build.0 = Release|Any CPU
		{167497A1-B511-47DC-BD9F-702EBCEE6B69}.Release|x86.ActiveCfg = Release|Any CPU
		{167497A1-B511-47DC-BD9F-702EBCEE6B69}.Release|x86.Build.0 = Release|Any CPU
		{54890777-05DA-4D1B-8742-C6AEDD80EA96}.Debug|Any CPU.ActiveCfg = Debug|Any CPU
		{54890777-05DA-4D1B-8742-C6AEDD80EA96}.Debug|Any CPU.Build.0 = Debug|Any CPU
		{54890777-05DA-4D1B-8742-C6AEDD80EA96}.Debug|x64.ActiveCfg = Debug|Any CPU
		{54890777-05DA-4D1B-8742-C6AEDD80EA96}.Debug|x64.Build.0 = Debug|Any CPU
		{54890777-05DA-4D1B-8742-C6AEDD80EA96}.Debug|x86.ActiveCfg = Debug|Any CPU
		{54890777-05DA-4D1B-8742-C6AEDD80EA96}.Debug|x86.Build.0 = Debug|Any CPU
		{54890777-05DA-4D1B-8742-C6AEDD80EA96}.Release|Any CPU.ActiveCfg = Release|Any CPU
		{54890777-05DA-4D1B-8742-C6AEDD80EA96}.Release|Any CPU.Build.0 = Release|Any CPU
		{54890777-05DA-4D1B-8742-C6AEDD80EA96}.Release|x64.ActiveCfg = Release|Any CPU
		{54890777-05DA-4D1B-8742-C6AEDD80EA96}.Release|x64.Build.0 = Release|Any CPU
		{54890777-05DA-4D1B-8742-C6AEDD80EA96}.Release|x86.ActiveCfg = Release|Any CPU
		{54890777-05DA-4D1B-8742-C6AEDD80EA96}.Release|x86.Build.0 = Release|Any CPU
		{F94C2E02-8D63-42DC-933F-17B472D88414}.Debug|Any CPU.ActiveCfg = Debug|Any CPU
		{F94C2E02-8D63-42DC-933F-17B472D88414}.Debug|Any CPU.Build.0 = Debug|Any CPU
		{F94C2E02-8D63-42DC-933F-17B472D88414}.Debug|x64.ActiveCfg = Debug|Any CPU
		{F94C2E02-8D63-42DC-933F-17B472D88414}.Debug|x64.Build.0 = Debug|Any CPU
		{F94C2E02-8D63-42DC-933F-17B472D88414}.Debug|x86.ActiveCfg = Debug|Any CPU
		{F94C2E02-8D63-42DC-933F-17B472D88414}.Debug|x86.Build.0 = Debug|Any CPU
		{F94C2E02-8D63-42DC-933F-17B472D88414}.Release|Any CPU.ActiveCfg = Release|Any CPU
		{F94C2E02-8D63-42DC-933F-17B472D88414}.Release|Any CPU.Build.0 = Release|Any CPU
		{F94C2E02-8D63-42DC-933F-17B472D88414}.Release|x64.ActiveCfg = Release|Any CPU
		{F94C2E02-8D63-42DC-933F-17B472D88414}.Release|x64.Build.0 = Release|Any CPU
		{F94C2E02-8D63-42DC-933F-17B472D88414}.Release|x86.ActiveCfg = Release|Any CPU
		{F94C2E02-8D63-42DC-933F-17B472D88414}.Release|x86.Build.0 = Release|Any CPU
		{4C8B4280-7EB9-41E6-A51E-6E355925D5DE}.Debug|Any CPU.ActiveCfg = Debug|Any CPU
		{4C8B4280-7EB9-41E6-A51E-6E355925D5DE}.Debug|Any CPU.Build.0 = Debug|Any CPU
		{4C8B4280-7EB9-41E6-A51E-6E355925D5DE}.Debug|x64.ActiveCfg = Debug|Any CPU
		{4C8B4280-7EB9-41E6-A51E-6E355925D5DE}.Debug|x64.Build.0 = Debug|Any CPU
		{4C8B4280-7EB9-41E6-A51E-6E355925D5DE}.Debug|x86.ActiveCfg = Debug|Any CPU
		{4C8B4280-7EB9-41E6-A51E-6E355925D5DE}.Debug|x86.Build.0 = Debug|Any CPU
		{4C8B4280-7EB9-41E6-A51E-6E355925D5DE}.Release|Any CPU.ActiveCfg = Release|Any CPU
		{4C8B4280-7EB9-41E6-A51E-6E355925D5DE}.Release|Any CPU.Build.0 = Release|Any CPU
		{4C8B4280-7EB9-41E6-A51E-6E355925D5DE}.Release|x64.ActiveCfg = Release|Any CPU
		{4C8B4280-7EB9-41E6-A51E-6E355925D5DE}.Release|x64.Build.0 = Release|Any CPU
		{4C8B4280-7EB9-41E6-A51E-6E355925D5DE}.Release|x86.ActiveCfg = Release|Any CPU
		{4C8B4280-7EB9-41E6-A51E-6E355925D5DE}.Release|x86.Build.0 = Release|Any CPU
	EndGlobalSection
EndGlobal
